version = 1
revision = 2
requires-python = ">=3.13"

[[package]]
name = "anyio"
version = "4.9.0"
source = { registry = "https://pypi.org/simple" }
dependencies = [
    { name = "idna" },
    { name = "sniffio" },
]
sdist = { url = "https://files.pythonhosted.org/packages/95/7d/4c1bd541d4dffa1b52bd83fb8527089e097a106fc90b467a7313b105f840/anyio-4.9.0.tar.gz", hash = "sha256:673c0c244e15788651a4ff38710fea9675823028a6f08a5eda409e0c9840a028", size = 190949, upload-time = "2025-03-17T00:02:54.77Z" }
wheels = [
    { url = "https://files.pythonhosted.org/packages/a1/ee/48ca1a7c89ffec8b6a0c5d02b89c305671d5ffd8d3c94acf8b8c408575bb/anyio-4.9.0-py3-none-any.whl", hash = "sha256:9f76d541cad6e36af7beb62e978876f3b41e3e04f2c1fbf0884604c0a9c4d93c", size = 100916, upload-time = "2025-03-17T00:02:52.713Z" },
]

[[package]]
name = "certifi"
version = "2025.6.15"
source = { registry = "https://pypi.org/simple" }
sdist = { url = "https://files.pythonhosted.org/packages/73/f7/f14b46d4bcd21092d7d3ccef689615220d8a08fb25e564b65d20738e672e/certifi-2025.6.15.tar.gz", hash = "sha256:d747aa5a8b9bbbb1bb8c22bb13e22bd1f18e9796defa16bab421f7f7a317323b", size = 158753, upload-time = "2025-06-15T02:45:51.329Z" }
wheels = [
    { url = "https://files.pythonhosted.org/packages/84/ae/320161bd181fc06471eed047ecce67b693fd7515b16d495d8932db763426/certifi-2025.6.15-py3-none-any.whl", hash = "sha256:2e0c7ce7cb5d8f8634ca55d2ba7e6ec2689a2fd6537d8dec1296a477a4910057", size = 157650, upload-time = "2025-06-15T02:45:49.977Z" },
]

[[package]]
name = "h11"
version = "0.16.0"
source = { registry = "https://pypi.org/simple" }
sdist = { url = "https://files.pythonhosted.org/packages/01/ee/02a2c011bdab74c6fb3c75474d40b3052059d95df7e73351460c8588d963/h11-0.16.0.tar.gz", hash = "sha256:4e35b956cf45792e4caa5885e69fba00bdbc6ffafbfa020300e549b208ee5ff1", size = 101250, upload-time = "2025-04-24T03:35:25.427Z" }
wheels = [
    { url = "https://files.pythonhosted.org/packages/04/4b/29cac41a4d98d144bf5f6d33995617b185d14b22401f75ca86f384e87ff1/h11-0.16.0-py3-none-any.whl", hash = "sha256:63cf8bbe7522de3bf65932fda1d9c2772064ffb3dae62d55932da54b31cb6c86", size = 37515, upload-time = "2025-04-24T03:35:24.344Z" },
]

[[package]]
name = "httpcore"
version = "1.0.9"
source = { registry = "https://pypi.org/simple" }
dependencies = [
    { name = "certifi" },
    { name = "h11" },
]
sdist = { url = "https://files.pythonhosted.org/packages/06/94/82699a10bca87a5556c9c59b5963f2d039dbd239f25bc2a63907a05a14cb/httpcore-1.0.9.tar.gz", hash = "sha256:6e34463af53fd2ab5d807f399a9b45ea31c3dfa2276f15a2c3f00afff6e176e8", size = 85484, upload-time = "2025-04-24T22:06:22.219Z" }
wheels = [
    { url = "https://files.pythonhosted.org/packages/7e/f5/f66802a942d491edb555dd61e3a9961140fd64c90bce1eafd741609d334d/httpcore-1.0.9-py3-none-any.whl", hash = "sha256:2d400746a40668fc9dec9810239072b40b4484b640a8c38fd654a024c7a1bf55", size = 78784, upload-time = "2025-04-24T22:06:20.566Z" },
]

[[package]]
name = "httpx"
version = "0.28.1"
source = { registry = "https://pypi.org/simple" }
dependencies = [
    { name = "anyio" },
    { name = "certifi" },
    { name = "httpcore" },
    { name = "idna" },
]
sdist = { url = "https://files.pythonhosted.org/packages/b1/df/48c586a5fe32a0f01324ee087459e112ebb7224f646c0b5023f5e79e9956/httpx-0.28.1.tar.gz", hash = "sha256:75e98c5f16b0f35b567856f597f06ff2270a374470a5c2392242528e3e3e42fc", size = 141406, upload-time = "2024-12-06T15:37:23.222Z" }
wheels = [
    { url = "https://files.pythonhosted.org/packages/2a/39/e50c7c3a983047577ee07d2a9e53faf5a69493943ec3f6a384bdc792deb2/httpx-0.28.1-py3-none-any.whl", hash = "sha256:d909fcccc110f8c7faf814ca82a9a4d816bc5a6dbfea25d6591d6985b8ba59ad", size = 73517, upload-time = "2024-12-06T15:37:21.509Z" },
]

[[package]]
name = "idna"
version = "3.10"
source = { registry = "https://pypi.org/simple" }
sdist = { url = "https://files.pythonhosted.org/packages/f1/70/7703c29685631f5a7590aa73f1f1d3fa9a380e654b86af429e0934a32f7d/idna-3.10.tar.gz", hash = "sha256:12f65c9b470abda6dc35cf8e63cc574b1c52b11df2c86030af0ac09b01b13ea9", size = 190490, upload-time = "2024-09-15T18:07:39.745Z" }
wheels = [
    { url = "https://files.pythonhosted.org/packages/76/c6/c88e154df9c4e1a2a66ccf0005a88dfb2650c1dffb6f5ce603dfbd452ce3/idna-3.10-py3-none-any.whl", hash = "sha256:946d195a0d259cbba61165e88e65941f16e9b36ea6ddb97f00452bae8b1287d3", size = 70442, upload-time = "2024-09-15T18:07:37.964Z" },
]

[[package]]
name = "libtorrent"
version = "2.0.11"
source = { registry = "https://pypi.org/simple" }
wheels = [
    { url = "https://files.pythonhosted.org/packages/92/74/b689c070c1649c69b6f70c27cd9f3418fb3cba7532b6b5f857c1689edcdc/libtorrent-2.0.11-cp313-cp313-macosx_13_0_x86_64.whl", hash = "sha256:f4489732bbc44114c7fb1893b71c578052d1aca352852002938b23ac8a6fb5c3", size = 5555119, upload-time = "2025-01-29T11:34:57.644Z" },
    { url = "https://files.pythonhosted.org/packages/c1/b8/24e072c2270fc0193332987f1c3082a1cc8276bc462167b3e45fa0bb9a07/libtorrent-2.0.11-cp313-cp313-macosx_14_0_arm64.whl", hash = "sha256:758662c88a186c6018e4062d1b1b5e58ed55e17189ad4a7389c87b8b2b5efeb4", size = 5654645, upload-time = "2025-01-29T11:35:00.79Z" },
    { url = "https://files.pythonhosted.org/packages/07/62/5e3bbebfcf19c963f3f960b8a28ad2bf8cad1e56d8dce3ff9387084ef705/libtorrent-2.0.11-cp313-cp313-macosx_15_0_arm64.whl", hash = "sha256:55aa67cdc8cbf777e41998d5432a3ab01f198c955ec6d2fb14c500b309db3f37", size = 5653493, upload-time = "2025-01-29T11:35:03.139Z" },
    { url = "https://files.pythonhosted.org/packages/5c/85/e067ca5544e79525b80a7a986cb58e28977f274c4f341d1294c0ea35d7c7/libtorrent-2.0.11-cp313-cp313-manylinux_2_17_aarch64.manylinux2014_aarch64.whl", hash = "sha256:474e792c52319cc918a007aa61cb34fb7f9236fa6c9603953e8c0fb3e6d922c7", size = 8251482, upload-time = "2025-01-29T11:35:05.522Z" },
    { url = "https://files.pythonhosted.org/packages/a4/4c/86d834a8bbdd34276e4d87400d105ddab1dd4b8938f2c1229accc03a5b0d/libtorrent-2.0.11-cp313-cp313-manylinux_2_17_x86_64.manylinux2014_x86_64.whl", hash = "sha256:e234f665c987262d4102f6d2e099d76b12dfa20bcc77b77891184b075ab84ea8", size = 8514771, upload-time = "2025-01-29T11:35:09.604Z" },
    { url = "https://files.pythonhosted.org/packages/f6/7e/e369802ae56bad9de629d9ad7c719dc4328aecf9aac8f61d33755d20b269/libtorrent-2.0.11-cp313-cp313-musllinux_1_2_aarch64.whl", hash = "sha256:8be0e27f40594bfee42e60e7785261834fdaf938267dceee8a08eae08a12a3c2", size = 12076824, upload-time = "2025-01-29T11:35:12.773Z" },
    { url = "https://files.pythonhosted.org/packages/51/c6/b78e0f1515e65ca1a22383124cd867a1c9eee40053e7971064dd937c4802/libtorrent-2.0.11-cp313-cp313-musllinux_1_2_x86_64.whl", hash = "sha256:51daa58d0958ac99d88a1749d6848c6023ea899da98e503b12a1a311189d79fd", size = 12065489, upload-time = "2025-01-29T11:35:16.533Z" },
    { url = "https://files.pythonhosted.org/packages/db/4a/cac02c0d907ec37f22131207f69e78a97045d8e8cab6c6b0a29647dbf732/libtorrent-2.0.11-cp313-cp313-win32.whl", hash = "sha256:63fcb829d2b9fed566771426c7b1473a4acb7ccb4957ef07793b28de8468cd3e", size = 1772278, upload-time = "2025-01-29T11:35:19.333Z" },
    { url = "https://files.pythonhosted.org/packages/3d/7b/49ebb7df766398d49d59335481dafd7f4a3e8669a1aee5a6d22f9338b09c/libtorrent-2.0.11-cp313-cp313-win_amd64.whl", hash = "sha256:f72f0075b84aa18d25ee3ab3c39ba5193777d34d016c9a38294c92ffc60f6225", size = 1973890, upload-time = "2025-01-29T11:35:22.157Z" },
]

[[package]]
name = "libtorrent-windows-dll"
version = "0.0.2"
source = { registry = "https://pypi.org/simple" }
dependencies = [
    { name = "libtorrent" },
]
sdist = { url = "https://files.pythonhosted.org/packages/e5/7f/efe9d0092331c8f2b2de7b084dcffbfd831c0513e6aa2813a0c6bf0fc23e/libtorrent_windows_dll-0.0.2.tar.gz", hash = "sha256:c179e9d33c2b7aa6f8022c458b72663cd1d3d8ec7bebd8b7510598d5ff68f110", size = 1524452, upload-time = "2025-07-05T10:21:30.256Z" }
wheels = [
    { url = "https://files.pythonhosted.org/packages/38/53/e3016d609f3961c072d6ac38f055b4be70d0bc8237472f10351419977be0/libtorrent_windows_dll-0.0.2-py3-none-any.whl", hash = "sha256:eaf841e52503e3c1160b220611ffad241a37bbfe0d5a10d76692ad18a0317a09", size = 1532821, upload-time = "2025-07-05T10:21:28.311Z" },
]

[[package]]
name = "markdown-it-py"
version = "3.0.0"
source = { registry = "https://pypi.org/simple" }
dependencies = [
    { name = "mdurl" },
]
sdist = { url = "https://files.pythonhosted.org/packages/38/71/3b932df36c1a044d397a1f92d1cf91ee0a503d91e470cbd670aa66b07ed0/markdown-it-py-3.0.0.tar.gz", hash = "sha256:e3f60a94fa066dc52ec76661e37c851cb232d92f9886b15cb560aaada2df8feb", size = 74596, upload-time = "2023-06-03T06:41:14.443Z" }
wheels = [
    { url = "https://files.pythonhosted.org/packages/42/d7/1ec15b46af6af88f19b8e5ffea08fa375d433c998b8a7639e76935c14f1f/markdown_it_py-3.0.0-py3-none-any.whl", hash = "sha256:355216845c60bd96232cd8d8c40e8f9765cc86f46880e43a8fd22dc1a1a8cab1", size = 87528, upload-time = "2023-06-03T06:41:11.019Z" },
]

[[package]]
name = "mdurl"
version = "0.1.2"
source = { registry = "https://pypi.org/simple" }
sdist = { url = "https://files.pythonhosted.org/packages/d6/54/cfe61301667036ec958cb99bd3efefba235e65cdeb9c84d24a8293ba1d90/mdurl-0.1.2.tar.gz", hash = "sha256:bb413d29f5eea38f31dd4754dd7377d4465116fb207585f97bf925588687c1ba", size = 8729, upload-time = "2022-08-14T12:40:10.846Z" }
wheels = [
    { url = "https://files.pythonhosted.org/packages/b3/38/89ba8ad64ae25be8de66a6d463314cf1eb366222074cfda9ee839c56a4b4/mdurl-0.1.2-py3-none-any.whl", hash = "sha256:84008a41e51615a49fc9966191ff91509e3c40b939176e643fd50a5c2196b8f8", size = 9979, upload-time = "2022-08-14T12:40:09.779Z" },
]

[[package]]
name = "prompt-toolkit"
version = "3.0.51"
source = { registry = "https://pypi.org/simple" }
dependencies = [
    { name = "wcwidth" },
]
sdist = { url = "https://files.pythonhosted.org/packages/bb/6e/9d084c929dfe9e3bfe0c6a47e31f78a25c54627d64a66e884a8bf5474f1c/prompt_toolkit-3.0.51.tar.gz", hash = "sha256:931a162e3b27fc90c86f1b48bb1fb2c528c2761475e57c9c06de13311c7b54ed", size = 428940, upload-time = "2025-04-15T09:18:47.731Z" }
wheels = [
    { url = "https://files.pythonhosted.org/packages/ce/4f/5249960887b1fbe561d9ff265496d170b55a735b76724f10ef19f9e40716/prompt_toolkit-3.0.51-py3-none-any.whl", hash = "sha256:52742911fde84e2d423e2f9a4cf1de7d7ac4e51958f648d9540e0fb8db077b07", size = 387810, upload-time = "2025-04-15T09:18:44.753Z" },
]

[[package]]
name = "pygments"
version = "2.19.2"
source = { registry = "https://pypi.org/simple" }
sdist = { url = "https://files.pythonhosted.org/packages/b0/77/a5b8c569bf593b0140bde72ea885a803b82086995367bf2037de0159d924/pygments-2.19.2.tar.gz", hash = "sha256:636cb2477cec7f8952536970bc533bc43743542f70392ae026374600add5b887", size = 4968631, upload-time = "2025-06-21T13:39:12.283Z" }
wheels = [
    { url = "https://files.pythonhosted.org/packages/c7/21/705964c7812476f378728bdf590ca4b771ec72385c533964653c68e86bdc/pygments-2.19.2-py3-none-any.whl", hash = "sha256:86540386c03d588bb81d44bc3928634ff26449851e99741617ecb9037ee5ec0b", size = 1225217, upload-time = "2025-06-21T13:39:07.939Z" },
]

[[package]]
name = "questionary"
version = "2.1.0"
source = { registry = "https://pypi.org/simple" }
dependencies = [
    { name = "prompt-toolkit" },
]
sdist = { url = "https://files.pythonhosted.org/packages/a8/b8/d16eb579277f3de9e56e5ad25280fab52fc5774117fb70362e8c2e016559/questionary-2.1.0.tar.gz", hash = "sha256:6302cdd645b19667d8f6e6634774e9538bfcd1aad9be287e743d96cacaf95587", size = 26775, upload-time = "2024-12-29T11:49:17.802Z" }
wheels = [
    { url = "https://files.pythonhosted.org/packages/ad/3f/11dd4cd4f39e05128bfd20138faea57bec56f9ffba6185d276e3107ba5b2/questionary-2.1.0-py3-none-any.whl", hash = "sha256:44174d237b68bc828e4878c763a9ad6790ee61990e0ae72927694ead57bab8ec", size = 36747, upload-time = "2024-12-29T11:49:16.734Z" },
]

[[package]]
name = "rich"
version = "14.0.0"
source = { registry = "https://pypi.org/simple" }
dependencies = [
    { name = "markdown-it-py" },
    { name = "pygments" },
]
sdist = { url = "https://files.pythonhosted.org/packages/a1/53/830aa4c3066a8ab0ae9a9955976fb770fe9c6102117c8ec4ab3ea62d89e8/rich-14.0.0.tar.gz", hash = "sha256:82f1bc23a6a21ebca4ae0c45af9bdbc492ed20231dcb63f297d6d1021a9d5725", size = 224078, upload-time = "2025-03-30T14:15:14.23Z" }
wheels = [
    { url = "https://files.pythonhosted.org/packages/0d/9b/63f4c7ebc259242c89b3acafdb37b41d1185c07ff0011164674e9076b491/rich-14.0.0-py3-none-any.whl", hash = "sha256:1c9491e1951aac09caffd42f448ee3d04e58923ffe14993f6e83068dc395d7e0", size = 243229, upload-time = "2025-03-30T14:15:12.283Z" },
]

[[package]]
name = "selectolax"
version = "0.3.31"
source = { registry = "https://pypi.org/simple" }
sdist = { url = "https://files.pythonhosted.org/packages/14/38/27c125553ead2b003b8deb0e0d6a2a9c0fab8a33dee71dc492f710c2b911/selectolax-0.3.31.tar.gz", hash = "sha256:1427c2c7d83e8ca04fde77cae3222ab3f97b9f98db1ada06ceb93682b3cf202d", size = 4705062, upload-time = "2025-07-01T13:12:55.372Z" }
wheels = [
    { url = "https://files.pythonhosted.org/packages/f5/4a/b57fb6d4d6f7dbdf46538fa8bbcdf23d038fa5e38f6b3d568bac4c29b59b/selectolax-0.3.31-cp313-cp313-macosx_10_13_x86_64.whl", hash = "sha256:68fdf557b6ebbb55f28b3747f29591694d12eec16f56cb8a5f8f4fab04b4fa0a", size = 2075492, upload-time = "2025-07-01T13:12:32.078Z" },
    { url = "https://files.pythonhosted.org/packages/b2/1c/eafcfb255b3fa7eb0d4a563c789fc17540e89da303c3da642f906cc6718d/selectolax-0.3.31-cp313-cp313-macosx_11_0_arm64.whl", hash = "sha256:c8937b21aef5c752b03368a88c6c889bc1557299926194cf248ed16f64617e6c", size = 2069797, upload-time = "2025-07-01T13:12:33.696Z" },
    { url = "https://files.pythonhosted.org/packages/b3/0b/75ebd89e4391bc959a0d66ae18c3be274fa3542cba7bf64c1d9c8f4370c4/selectolax-0.3.31-cp313-cp313-manylinux2014_aarch64.manylinux_2_17_aarch64.manylinux_2_28_aarch64.whl", hash = "sha256:ee1414a76142c3474f26df0140cda1edb92cc5f44d995de88bcf48982dc6c986", size = 5746598, upload-time = "2025-07-01T13:12:35.496Z" },
    { url = "https://files.pythonhosted.org/packages/da/d3/0d9ae2678597f2073507b2762ab9854c2cd2564912510618595be645f89e/selectolax-0.3.31-cp313-cp313-manylinux2014_x86_64.manylinux_2_17_x86_64.manylinux_2_28_x86_64.whl", hash = "sha256:90b63149e1e44e4b8fcd06669f30a7c68062bfb264d8c621d03fdc4850e6e5c9", size = 5781753, upload-time = "2025-07-01T13:12:37.118Z" },
    { url = "https://files.pythonhosted.org/packages/53/49/b96bd5ccb0e3a22c968b1a4780396e68d69288187185dac5cec344eada65/selectolax-0.3.31-cp313-cp313-win_amd64.whl", hash = "sha256:0f3b32d50c663b27d5b59c303c1aef1b4a3ae654b5e6921e17f25ed6f09a6d95", size = 1789255, upload-time = "2025-07-01T13:12:38.607Z" },
    { url = "https://files.pythonhosted.org/packages/f0/41/d94e2608bcbda96605d888ba02668c6d1fc56fd7ef8b39b4d0f0f235b283/selectolax-0.3.31-cp313-cp313-win_arm64.whl", hash = "sha256:e1985c95c91c1244d99ce5ec3284a1256a2da75232cdfde6932f3bdb469a7a8d", size = 1734157, upload-time = "2025-07-01T13:12:39.934Z" },
]

[[package]]
name = "sniffio"
version = "1.3.1"
source = { registry = "https://pypi.org/simple" }
sdist = { url = "https://files.pythonhosted.org/packages/a2/87/a6771e1546d97e7e041b6ae58d80074f81b7d5121207425c964ddf5cfdbd/sniffio-1.3.1.tar.gz", hash = "sha256:f4324edc670a0f49750a81b895f35c3adb843cca46f0530f79fc1babb23789dc", size = 20372, upload-time = "2024-02-25T23:20:04.057Z" }
wheels = [
    { url = "https://files.pythonhosted.org/packages/e9/44/75a9c9421471a6c4805dbf2356f7c181a29c1879239abab1ea2cc8f38b40/sniffio-1.3.1-py3-none-any.whl", hash = "sha256:2f6da418d1f1e0fddd844478f41680e794e6051915791a034ff65e5f100525a2", size = 10235, upload-time = "2024-02-25T23:20:01.196Z" },
]

[[package]]
name = "torrra"
version = "0.2.0"
source = { editable = "." }
dependencies = [
    { name = "httpx" },
    { name = "libtorrent" },
    { name = "libtorrent-windows-dll", marker = "sys_platform == 'win32'" },
    { name = "questionary" },
    { name = "rich" },
    { name = "selectolax" },
]

[package.metadata]
requires-dist = [
    { name = "httpx", specifier = ">=0.28.1" },
    { name = "libtorrent", specifier = ">=2.0.11" },
    { name = "libtorrent-windows-dll", marker = "sys_platform == 'win32'", specifier = ">=0.0.2" },
    { name = "questionary", specifier = ">=2.1.0" },
    { name = "rich", specifier = ">=14.0.0" },
    { name = "selectolax", specifier = ">=0.3.31" },
]

[[package]]
name = "wcwidth"
version = "0.2.13"
source = { registry = "https://pypi.org/simple" }
sdist = { url = "https://files.pythonhosted.org/packages/6c/63/53559446a878410fc5a5974feb13d31d78d752eb18aeba59c7fef1af7598/wcwidth-0.2.13.tar.gz", hash = "sha256:72ea0c06399eb286d978fdedb6923a9eb47e1c486ce63e9b4e64fc18303972b5", size = 101301, upload-time = "2024-01-06T02:10:57.829Z" }
wheels = [
    { url = "https://files.pythonhosted.org/packages/fd/84/fd2ba7aafacbad3c4201d395674fc6348826569da3c0937e75505ead3528/wcwidth-0.2.13-py2.py3-none-any.whl", hash = "sha256:3da69048e4540d84af32131829ff948f1e022c1c6bdb8d6102117aac784f6859", size = 34166, upload-time = "2024-01-06T02:10:55.763Z" },
]
